
Microsoft Visual Studio Solution File, Format Version 12.00
# Visual Studio 2012
Project("{FAE04EC0-301F-11D3-BF4B-00C04F79EFBC}") = "BucketList.Test", "BucketList.Test\BucketList.Test.csproj", "{A486468D-8BC4-4053-A029-5D419C403C44}"
EndProject
Project("{FAE04EC0-301F-11D3-BF4B-00C04F79EFBC}") = "BucketList", "BucketList\BucketList.csproj", "{0F4EE4C9-778F-4EBC-8EE0-3EF9784A26B1}"
EndProject
Global
	GlobalSection(SolutionConfigurationPlatforms) = preSolution
		Debug|x86 = Debug|x86
		Release|x86 = Release|x86
	EndGlobalSection
	GlobalSection(ProjectConfigurationPlatforms) = postSolution
		{A486468D-8BC4-4053-A029-5D419C403C44}.Debug|x86.ActiveCfg = Debug|x86
		{A486468D-8BC4-4053-A029-5D419C403C44}.Debug|x86.Build.0 = Debug|x86
		{A486468D-8BC4-4053-A029-5D419C403C44}.Release|x86.ActiveCfg = Release|x86
		{A486468D-8BC4-4053-A029-5D419C403C44}.Release|x86.Build.0 = Release|x86
		{0F4EE4C9-778F-4EBC-8EE0-3EF9784A26B1}.Debug|x86.ActiveCfg = Debug|Any CPU
		{0F4EE4C9-778F-4EBC-8EE0-3EF9784A26B1}.Debug|x86.Build.0 = Debug|Any CPU
		{0F4EE4C9-778F-4EBC-8EE0-3EF9784A26B1}.Release|x86.ActiveCfg = Release|Any CPU
		{0F4EE4C9-778F-4EBC-8EE0-3EF9784A26B1}.Release|x86.Build.0 = Release|Any CPU
	EndGlobalSection
EndGlobal
