
Microsoft Visual Studio Solution File, Format Version 12.00
# Visual Studio 15
VisualStudioVersion = 15.0.26403.3
MinimumVisualStudioVersion = 10.0.40219.1
Project("{FAE04EC0-301F-11D3-BF4B-00C04F79EFBC}") = "NorthwindDatabase", "NorthwindDatabase\NorthwindDatabase.csproj", "{9091C990-F722-46A9-A4D4-3B470E3899D3}"
EndProject
Project("{FAE04EC0-301F-11D3-BF4B-00C04F79EFBC}") = "NorthwindClient", "NorthwindClient\NorthwindClient.csproj", "{06517D99-DC0E-4AD9-8F0B-B3EABCFDD064}"
EndProject
Global
	GlobalSection(SolutionConfigurationPlatforms) = preSolution
		Debug|Any CPU = Debug|Any CPU
		Release|Any CPU = Release|Any CPU
	EndGlobalSection
	GlobalSection(ProjectConfigurationPlatforms) = postSolution
		{9091C990-F722-46A9-A4D4-3B470E3899D3}.Debug|Any CPU.ActiveCfg = Debug|Any CPU
		{9091C990-F722-46A9-A4D4-3B470E3899D3}.Debug|Any CPU.Build.0 = Debug|Any CPU
		{9091C990-F722-46A9-A4D4-3B470E3899D3}.Release|Any CPU.ActiveCfg = Release|Any CPU
		{9091C990-F722-46A9-A4D4-3B470E3899D3}.Release|Any CPU.Build.0 = Release|Any CPU
		{06517D99-DC0E-4AD9-8F0B-B3EABCFDD064}.Debug|Any CPU.ActiveCfg = Debug|Any CPU
		{06517D99-DC0E-4AD9-8F0B-B3EABCFDD064}.Debug|Any CPU.Build.0 = Debug|Any CPU
		{06517D99-DC0E-4AD9-8F0B-B3EABCFDD064}.Release|Any CPU.ActiveCfg = Release|Any CPU
		{06517D99-DC0E-4AD9-8F0B-B3EABCFDD064}.Release|Any CPU.Build.0 = Release|Any CPU
	EndGlobalSection
	GlobalSection(SolutionProperties) = preSolution
		HideSolutionNode = FALSE
	EndGlobalSection
EndGlobal
