
Microsoft Visual Studio Solution File, Format Version 12.00
# Visual Studio 14
VisualStudioVersion = 14.0.25420.1
MinimumVisualStudioVersion = 10.0.40219.1
Project("{FAE04EC0-301F-11D3-BF4B-00C04F79EFBC}") = "Say Hello", "Say Hello\Say Hello.csproj", "{BAE992A0-7E21-4AC2-8D55-F90B9C49DBB5}"
EndProject
Project("{FAE04EC0-301F-11D3-BF4B-00C04F79EFBC}") = "GetLargestNumber", "GetLargestNumber\GetLargestNumber.csproj", "{120DEF7F-9295-460A-BE11-FC85A8970822}"
EndProject
Project("{FAE04EC0-301F-11D3-BF4B-00C04F79EFBC}") = "EnglishDigit", "EnglishDigit\EnglishDigit.csproj", "{1928C749-02FD-4FA0-8ED8-3823423BB1AD}"
EndProject
Project("{FAE04EC0-301F-11D3-BF4B-00C04F79EFBC}") = "Apperaence count", "Apperaence count\Apperaence count.csproj", "{81C23939-179B-4D3E-BE4A-5F12850E4E08}"
EndProject
Project("{FAE04EC0-301F-11D3-BF4B-00C04F79EFBC}") = "LargerThanNeighbours", "LargerThanNeighbours\LargerThanNeighbours.csproj", "{556EEBF9-AF92-40E0-BB19-FAFCDEC03E57}"
EndProject
Project("{FAE04EC0-301F-11D3-BF4B-00C04F79EFBC}") = "FirstLargerThanNeighbours", "FirstLargerThanNeighbours\FirstLargerThanNeighbours.csproj", "{AA86CCEC-4391-41AF-A42E-75BEA097501B}"
EndProject
Project("{FAE04EC0-301F-11D3-BF4B-00C04F79EFBC}") = "ReverseNumber", "ReverseNumber\ReverseNumber.csproj", "{C53FC4FA-9954-46C7-9668-464D763F7351}"
EndProject
Project("{FAE04EC0-301F-11D3-BF4B-00C04F79EFBC}") = "NumberAsArray", "NumberAsArray\NumberAsArray.csproj", "{29808530-9BC2-4B1B-AC5E-2E0534E45AC6}"
EndProject
Project("{FAE04EC0-301F-11D3-BF4B-00C04F79EFBC}") = "SortingArray", "SortingArray\SortingArray.csproj", "{711A229A-156F-4078-B46F-EF73F7999051}"
EndProject
Project("{FAE04EC0-301F-11D3-BF4B-00C04F79EFBC}") = "N Factorial", "N Factorial\N Factorial.csproj", "{A3F9C03B-0854-496D-8E18-40AEABEDE49B}"
EndProject
Project("{FAE04EC0-301F-11D3-BF4B-00C04F79EFBC}") = "AddingPolynomias", "AddingPolynomias\AddingPolynomias.csproj", "{B89ECFFD-EA05-452B-8943-03A01DCA1CDA}"
EndProject
Project("{FAE04EC0-301F-11D3-BF4B-00C04F79EFBC}") = "SubstractingPolynoms", "SubstractingPolynoms\SubstractingPolynoms.csproj", "{58B727AC-3DA0-43E3-BEC1-8BD4EC8F8031}"
EndProject
Project("{FAE04EC0-301F-11D3-BF4B-00C04F79EFBC}") = "SolveTasks", "SolveTasks\SolveTasks.csproj", "{4B2C2E2D-7F87-407E-99A3-7452856FBBE1}"
EndProject
Project("{FAE04EC0-301F-11D3-BF4B-00C04F79EFBC}") = "IntegerCalculations", "IntegerCalculations\IntegerCalculations.csproj", "{E7B8A3DC-DE1E-436F-B746-790AF54A8DA3}"
EndProject
Global
	GlobalSection(SolutionConfigurationPlatforms) = preSolution
		Debug|Any CPU = Debug|Any CPU
		Release|Any CPU = Release|Any CPU
	EndGlobalSection
	GlobalSection(ProjectConfigurationPlatforms) = postSolution
		{BAE992A0-7E21-4AC2-8D55-F90B9C49DBB5}.Debug|Any CPU.ActiveCfg = Debug|Any CPU
		{BAE992A0-7E21-4AC2-8D55-F90B9C49DBB5}.Debug|Any CPU.Build.0 = Debug|Any CPU
		{BAE992A0-7E21-4AC2-8D55-F90B9C49DBB5}.Release|Any CPU.ActiveCfg = Release|Any CPU
		{BAE992A0-7E21-4AC2-8D55-F90B9C49DBB5}.Release|Any CPU.Build.0 = Release|Any CPU
		{120DEF7F-9295-460A-BE11-FC85A8970822}.Debug|Any CPU.ActiveCfg = Debug|Any CPU
		{120DEF7F-9295-460A-BE11-FC85A8970822}.Debug|Any CPU.Build.0 = Debug|Any CPU
		{120DEF7F-9295-460A-BE11-FC85A8970822}.Release|Any CPU.ActiveCfg = Release|Any CPU
		{120DEF7F-9295-460A-BE11-FC85A8970822}.Release|Any CPU.Build.0 = Release|Any CPU
		{1928C749-02FD-4FA0-8ED8-3823423BB1AD}.Debug|Any CPU.ActiveCfg = Debug|Any CPU
		{1928C749-02FD-4FA0-8ED8-3823423BB1AD}.Debug|Any CPU.Build.0 = Debug|Any CPU
		{1928C749-02FD-4FA0-8ED8-3823423BB1AD}.Release|Any CPU.ActiveCfg = Release|Any CPU
		{1928C749-02FD-4FA0-8ED8-3823423BB1AD}.Release|Any CPU.Build.0 = Release|Any CPU
		{81C23939-179B-4D3E-BE4A-5F12850E4E08}.Debug|Any CPU.ActiveCfg = Debug|Any CPU
		{81C23939-179B-4D3E-BE4A-5F12850E4E08}.Debug|Any CPU.Build.0 = Debug|Any CPU
		{81C23939-179B-4D3E-BE4A-5F12850E4E08}.Release|Any CPU.ActiveCfg = Release|Any CPU
		{81C23939-179B-4D3E-BE4A-5F12850E4E08}.Release|Any CPU.Build.0 = Release|Any CPU
		{556EEBF9-AF92-40E0-BB19-FAFCDEC03E57}.Debug|Any CPU.ActiveCfg = Debug|Any CPU
		{556EEBF9-AF92-40E0-BB19-FAFCDEC03E57}.Debug|Any CPU.Build.0 = Debug|Any CPU
		{556EEBF9-AF92-40E0-BB19-FAFCDEC03E57}.Release|Any CPU.ActiveCfg = Release|Any CPU
		{556EEBF9-AF92-40E0-BB19-FAFCDEC03E57}.Release|Any CPU.Build.0 = Release|Any CPU
		{AA86CCEC-4391-41AF-A42E-75BEA097501B}.Debug|Any CPU.ActiveCfg = Debug|Any CPU
		{AA86CCEC-4391-41AF-A42E-75BEA097501B}.Debug|Any CPU.Build.0 = Debug|Any CPU
		{AA86CCEC-4391-41AF-A42E-75BEA097501B}.Release|Any CPU.ActiveCfg = Release|Any CPU
		{AA86CCEC-4391-41AF-A42E-75BEA097501B}.Release|Any CPU.Build.0 = Release|Any CPU
		{C53FC4FA-9954-46C7-9668-464D763F7351}.Debug|Any CPU.ActiveCfg = Debug|Any CPU
		{C53FC4FA-9954-46C7-9668-464D763F7351}.Debug|Any CPU.Build.0 = Debug|Any CPU
		{C53FC4FA-9954-46C7-9668-464D763F7351}.Release|Any CPU.ActiveCfg = Release|Any CPU
		{C53FC4FA-9954-46C7-9668-464D763F7351}.Release|Any CPU.Build.0 = Release|Any CPU
		{29808530-9BC2-4B1B-AC5E-2E0534E45AC6}.Debug|Any CPU.ActiveCfg = Debug|Any CPU
		{29808530-9BC2-4B1B-AC5E-2E0534E45AC6}.Debug|Any CPU.Build.0 = Debug|Any CPU
		{29808530-9BC2-4B1B-AC5E-2E0534E45AC6}.Release|Any CPU.ActiveCfg = Release|Any CPU
		{29808530-9BC2-4B1B-AC5E-2E0534E45AC6}.Release|Any CPU.Build.0 = Release|Any CPU
		{711A229A-156F-4078-B46F-EF73F7999051}.Debug|Any CPU.ActiveCfg = Debug|Any CPU
		{711A229A-156F-4078-B46F-EF73F7999051}.Debug|Any CPU.Build.0 = Debug|Any CPU
		{711A229A-156F-4078-B46F-EF73F7999051}.Release|Any CPU.ActiveCfg = Release|Any CPU
		{711A229A-156F-4078-B46F-EF73F7999051}.Release|Any CPU.Build.0 = Release|Any CPU
		{A3F9C03B-0854-496D-8E18-40AEABEDE49B}.Debug|Any CPU.ActiveCfg = Debug|Any CPU
		{A3F9C03B-0854-496D-8E18-40AEABEDE49B}.Debug|Any CPU.Build.0 = Debug|Any CPU
		{A3F9C03B-0854-496D-8E18-40AEABEDE49B}.Release|Any CPU.ActiveCfg = Release|Any CPU
		{A3F9C03B-0854-496D-8E18-40AEABEDE49B}.Release|Any CPU.Build.0 = Release|Any CPU
		{B89ECFFD-EA05-452B-8943-03A01DCA1CDA}.Debug|Any CPU.ActiveCfg = Debug|Any CPU
		{B89ECFFD-EA05-452B-8943-03A01DCA1CDA}.Debug|Any CPU.Build.0 = Debug|Any CPU
		{B89ECFFD-EA05-452B-8943-03A01DCA1CDA}.Release|Any CPU.ActiveCfg = Release|Any CPU
		{B89ECFFD-EA05-452B-8943-03A01DCA1CDA}.Release|Any CPU.Build.0 = Release|Any CPU
		{58B727AC-3DA0-43E3-BEC1-8BD4EC8F8031}.Debug|Any CPU.ActiveCfg = Debug|Any CPU
		{58B727AC-3DA0-43E3-BEC1-8BD4EC8F8031}.Debug|Any CPU.Build.0 = Debug|Any CPU
		{58B727AC-3DA0-43E3-BEC1-8BD4EC8F8031}.Release|Any CPU.ActiveCfg = Release|Any CPU
		{58B727AC-3DA0-43E3-BEC1-8BD4EC8F8031}.Release|Any CPU.Build.0 = Release|Any CPU
		{4B2C2E2D-7F87-407E-99A3-7452856FBBE1}.Debug|Any CPU.ActiveCfg = Debug|Any CPU
		{4B2C2E2D-7F87-407E-99A3-7452856FBBE1}.Debug|Any CPU.Build.0 = Debug|Any CPU
		{4B2C2E2D-7F87-407E-99A3-7452856FBBE1}.Release|Any CPU.ActiveCfg = Release|Any CPU
		{4B2C2E2D-7F87-407E-99A3-7452856FBBE1}.Release|Any CPU.Build.0 = Release|Any CPU
		{E7B8A3DC-DE1E-436F-B746-790AF54A8DA3}.Debug|Any CPU.ActiveCfg = Debug|Any CPU
		{E7B8A3DC-DE1E-436F-B746-790AF54A8DA3}.Debug|Any CPU.Build.0 = Debug|Any CPU
		{E7B8A3DC-DE1E-436F-B746-790AF54A8DA3}.Release|Any CPU.ActiveCfg = Release|Any CPU
		{E7B8A3DC-DE1E-436F-B746-790AF54A8DA3}.Release|Any CPU.Build.0 = Release|Any CPU
	EndGlobalSection
	GlobalSection(SolutionProperties) = preSolution
		HideSolutionNode = FALSE
	EndGlobalSection
EndGlobal
