
Microsoft Visual Studio Solution File, Format Version 12.00
# Visual Studio 14
VisualStudioVersion = 14.0.25420.1
MinimumVisualStudioVersion = 10.0.40219.1
Project("{FAE04EC0-301F-11D3-BF4B-00C04F79EFBC}") = "1", "1\1.csproj", "{89F3B892-4F79-4C42-B287-FF8BC0B62A30}"
EndProject
Project("{FAE04EC0-301F-11D3-BF4B-00C04F79EFBC}") = "2", "2\2.csproj", "{A2D6F526-DAA3-4475-9EB1-2A89D6702868}"
EndProject
Project("{FAE04EC0-301F-11D3-BF4B-00C04F79EFBC}") = "3", "3\3.csproj", "{AFC1B4AE-50B9-4B18-A67B-635167F800B8}"
EndProject
Project("{FAE04EC0-301F-11D3-BF4B-00C04F79EFBC}") = "4", "4\4.csproj", "{3EFF5259-0396-426C-B9C9-2E940A9F6611}"
EndProject
Project("{FAE04EC0-301F-11D3-BF4B-00C04F79EFBC}") = "5", "5\5.csproj", "{E461C666-C7B0-4700-9E4A-7E82A43B934F}"
EndProject
Project("{FAE04EC0-301F-11D3-BF4B-00C04F79EFBC}") = "6", "6\6.csproj", "{D0CA82BA-B72A-434E-AA37-1879A583FE10}"
EndProject
Project("{FAE04EC0-301F-11D3-BF4B-00C04F79EFBC}") = "7", "7\7.csproj", "{68A785D3-69AD-4F39-B958-5FDDF6D35D4A}"
EndProject
Project("{FAE04EC0-301F-11D3-BF4B-00C04F79EFBC}") = "8", "8\8.csproj", "{E1AD6DA8-F595-43D5-8329-7D024116ADE3}"
EndProject
Project("{FAE04EC0-301F-11D3-BF4B-00C04F79EFBC}") = "9", "9\9.csproj", "{78A2D57E-BFB5-411F-9ECC-27CD5579C8B5}"
EndProject
Project("{FAE04EC0-301F-11D3-BF4B-00C04F79EFBC}") = "10", "10\10.csproj", "{02BA06C9-D194-464E-952C-365D5CFE4010}"
EndProject
Project("{FAE04EC0-301F-11D3-BF4B-00C04F79EFBC}") = "11", "11\11.csproj", "{56AB47A8-B597-4A95-A472-3EF3E5D4F665}"
EndProject
Project("{FAE04EC0-301F-11D3-BF4B-00C04F79EFBC}") = "12", "12\12.csproj", "{38DF4D42-24DD-4DCE-95F5-7223936FD99E}"
EndProject
Project("{FAE04EC0-301F-11D3-BF4B-00C04F79EFBC}") = "13", "ConsoleApplication113\13.csproj", "{B92E9467-A87F-4C23-9B6C-03809DB0B8C9}"
EndProject
Project("{FAE04EC0-301F-11D3-BF4B-00C04F79EFBC}") = "14", "14\14.csproj", "{DCD604C4-B5C7-481E-9CD7-C88922E1663E}"
EndProject
Project("{FAE04EC0-301F-11D3-BF4B-00C04F79EFBC}") = "15", "15\15.csproj", "{8287A245-4866-4DD0-B29C-7C96501DF623}"
EndProject
Global
	GlobalSection(SolutionConfigurationPlatforms) = preSolution
		Debug|Any CPU = Debug|Any CPU
		Release|Any CPU = Release|Any CPU
	EndGlobalSection
	GlobalSection(ProjectConfigurationPlatforms) = postSolution
		{89F3B892-4F79-4C42-B287-FF8BC0B62A30}.Debug|Any CPU.ActiveCfg = Debug|Any CPU
		{89F3B892-4F79-4C42-B287-FF8BC0B62A30}.Debug|Any CPU.Build.0 = Debug|Any CPU
		{89F3B892-4F79-4C42-B287-FF8BC0B62A30}.Release|Any CPU.ActiveCfg = Release|Any CPU
		{89F3B892-4F79-4C42-B287-FF8BC0B62A30}.Release|Any CPU.Build.0 = Release|Any CPU
		{A2D6F526-DAA3-4475-9EB1-2A89D6702868}.Debug|Any CPU.ActiveCfg = Debug|Any CPU
		{A2D6F526-DAA3-4475-9EB1-2A89D6702868}.Debug|Any CPU.Build.0 = Debug|Any CPU
		{A2D6F526-DAA3-4475-9EB1-2A89D6702868}.Release|Any CPU.ActiveCfg = Release|Any CPU
		{A2D6F526-DAA3-4475-9EB1-2A89D6702868}.Release|Any CPU.Build.0 = Release|Any CPU
		{AFC1B4AE-50B9-4B18-A67B-635167F800B8}.Debug|Any CPU.ActiveCfg = Debug|Any CPU
		{AFC1B4AE-50B9-4B18-A67B-635167F800B8}.Debug|Any CPU.Build.0 = Debug|Any CPU
		{AFC1B4AE-50B9-4B18-A67B-635167F800B8}.Release|Any CPU.ActiveCfg = Release|Any CPU
		{AFC1B4AE-50B9-4B18-A67B-635167F800B8}.Release|Any CPU.Build.0 = Release|Any CPU
		{3EFF5259-0396-426C-B9C9-2E940A9F6611}.Debug|Any CPU.ActiveCfg = Debug|Any CPU
		{3EFF5259-0396-426C-B9C9-2E940A9F6611}.Debug|Any CPU.Build.0 = Debug|Any CPU
		{3EFF5259-0396-426C-B9C9-2E940A9F6611}.Release|Any CPU.ActiveCfg = Release|Any CPU
		{3EFF5259-0396-426C-B9C9-2E940A9F6611}.Release|Any CPU.Build.0 = Release|Any CPU
		{E461C666-C7B0-4700-9E4A-7E82A43B934F}.Debug|Any CPU.ActiveCfg = Debug|Any CPU
		{E461C666-C7B0-4700-9E4A-7E82A43B934F}.Debug|Any CPU.Build.0 = Debug|Any CPU
		{E461C666-C7B0-4700-9E4A-7E82A43B934F}.Release|Any CPU.ActiveCfg = Release|Any CPU
		{E461C666-C7B0-4700-9E4A-7E82A43B934F}.Release|Any CPU.Build.0 = Release|Any CPU
		{D0CA82BA-B72A-434E-AA37-1879A583FE10}.Debug|Any CPU.ActiveCfg = Debug|Any CPU
		{D0CA82BA-B72A-434E-AA37-1879A583FE10}.Debug|Any CPU.Build.0 = Debug|Any CPU
		{D0CA82BA-B72A-434E-AA37-1879A583FE10}.Release|Any CPU.ActiveCfg = Release|Any CPU
		{D0CA82BA-B72A-434E-AA37-1879A583FE10}.Release|Any CPU.Build.0 = Release|Any CPU
		{68A785D3-69AD-4F39-B958-5FDDF6D35D4A}.Debug|Any CPU.ActiveCfg = Debug|Any CPU
		{68A785D3-69AD-4F39-B958-5FDDF6D35D4A}.Debug|Any CPU.Build.0 = Debug|Any CPU
		{68A785D3-69AD-4F39-B958-5FDDF6D35D4A}.Release|Any CPU.ActiveCfg = Release|Any CPU
		{68A785D3-69AD-4F39-B958-5FDDF6D35D4A}.Release|Any CPU.Build.0 = Release|Any CPU
		{E1AD6DA8-F595-43D5-8329-7D024116ADE3}.Debug|Any CPU.ActiveCfg = Debug|Any CPU
		{E1AD6DA8-F595-43D5-8329-7D024116ADE3}.Debug|Any CPU.Build.0 = Debug|Any CPU
		{E1AD6DA8-F595-43D5-8329-7D024116ADE3}.Release|Any CPU.ActiveCfg = Release|Any CPU
		{E1AD6DA8-F595-43D5-8329-7D024116ADE3}.Release|Any CPU.Build.0 = Release|Any CPU
		{78A2D57E-BFB5-411F-9ECC-27CD5579C8B5}.Debug|Any CPU.ActiveCfg = Debug|Any CPU
		{78A2D57E-BFB5-411F-9ECC-27CD5579C8B5}.Debug|Any CPU.Build.0 = Debug|Any CPU
		{78A2D57E-BFB5-411F-9ECC-27CD5579C8B5}.Release|Any CPU.ActiveCfg = Release|Any CPU
		{78A2D57E-BFB5-411F-9ECC-27CD5579C8B5}.Release|Any CPU.Build.0 = Release|Any CPU
		{02BA06C9-D194-464E-952C-365D5CFE4010}.Debug|Any CPU.ActiveCfg = Debug|Any CPU
		{02BA06C9-D194-464E-952C-365D5CFE4010}.Debug|Any CPU.Build.0 = Debug|Any CPU
		{02BA06C9-D194-464E-952C-365D5CFE4010}.Release|Any CPU.ActiveCfg = Release|Any CPU
		{02BA06C9-D194-464E-952C-365D5CFE4010}.Release|Any CPU.Build.0 = Release|Any CPU
		{56AB47A8-B597-4A95-A472-3EF3E5D4F665}.Debug|Any CPU.ActiveCfg = Debug|Any CPU
		{56AB47A8-B597-4A95-A472-3EF3E5D4F665}.Debug|Any CPU.Build.0 = Debug|Any CPU
		{56AB47A8-B597-4A95-A472-3EF3E5D4F665}.Release|Any CPU.ActiveCfg = Release|Any CPU
		{56AB47A8-B597-4A95-A472-3EF3E5D4F665}.Release|Any CPU.Build.0 = Release|Any CPU
		{38DF4D42-24DD-4DCE-95F5-7223936FD99E}.Debug|Any CPU.ActiveCfg = Debug|Any CPU
		{38DF4D42-24DD-4DCE-95F5-7223936FD99E}.Debug|Any CPU.Build.0 = Debug|Any CPU
		{38DF4D42-24DD-4DCE-95F5-7223936FD99E}.Release|Any CPU.ActiveCfg = Release|Any CPU
		{38DF4D42-24DD-4DCE-95F5-7223936FD99E}.Release|Any CPU.Build.0 = Release|Any CPU
		{B92E9467-A87F-4C23-9B6C-03809DB0B8C9}.Debug|Any CPU.ActiveCfg = Debug|Any CPU
		{B92E9467-A87F-4C23-9B6C-03809DB0B8C9}.Debug|Any CPU.Build.0 = Debug|Any CPU
		{B92E9467-A87F-4C23-9B6C-03809DB0B8C9}.Release|Any CPU.ActiveCfg = Release|Any CPU
		{B92E9467-A87F-4C23-9B6C-03809DB0B8C9}.Release|Any CPU.Build.0 = Release|Any CPU
		{DCD604C4-B5C7-481E-9CD7-C88922E1663E}.Debug|Any CPU.ActiveCfg = Debug|Any CPU
		{DCD604C4-B5C7-481E-9CD7-C88922E1663E}.Debug|Any CPU.Build.0 = Debug|Any CPU
		{DCD604C4-B5C7-481E-9CD7-C88922E1663E}.Release|Any CPU.ActiveCfg = Release|Any CPU
		{DCD604C4-B5C7-481E-9CD7-C88922E1663E}.Release|Any CPU.Build.0 = Release|Any CPU
		{8287A245-4866-4DD0-B29C-7C96501DF623}.Debug|Any CPU.ActiveCfg = Debug|Any CPU
		{8287A245-4866-4DD0-B29C-7C96501DF623}.Debug|Any CPU.Build.0 = Debug|Any CPU
		{8287A245-4866-4DD0-B29C-7C96501DF623}.Release|Any CPU.ActiveCfg = Release|Any CPU
		{8287A245-4866-4DD0-B29C-7C96501DF623}.Release|Any CPU.Build.0 = Release|Any CPU
	EndGlobalSection
	GlobalSection(SolutionProperties) = preSolution
		HideSolutionNode = FALSE
	EndGlobalSection
EndGlobal
