
Microsoft Visual Studio Solution File, Format Version 12.00
# Visual Studio 15
VisualStudioVersion = 15.0.26430.13
MinimumVisualStudioVersion = 10.0.40219.1
Project("{FAE04EC0-301F-11D3-BF4B-00C04F79EFBC}") = "JediMeditation", "JediMeditation\JediMeditation.csproj", "{27BD52EF-A067-460B-80D5-952F73250366}"
EndProject
Project("{FAE04EC0-301F-11D3-BF4B-00C04F79EFBC}") = "Swapping", "Swapping\Swapping.csproj", "{E6A8ED55-3F04-4131-A174-B35FA2A13A98}"
EndProject
Project("{FAE04EC0-301F-11D3-BF4B-00C04F79EFBC}") = "Reconstruction", "Reconstruction\Reconstruction.csproj", "{AF4BF875-D277-484F-883B-D3D074459056}"
EndProject
Project("{FAE04EC0-301F-11D3-BF4B-00C04F79EFBC}") = "Numerology", "Numerology\Numerology.csproj", "{FF13CA32-B384-4EEA-9D35-B584DCDD9CF3}"
EndProject
Project("{FAE04EC0-301F-11D3-BF4B-00C04F79EFBC}") = "BinaryTree", "BinaryTree\BinaryTree.csproj", "{2C5DC65B-32AF-4668-B631-D8280266C0B3}"
EndProject
Project("{FAE04EC0-301F-11D3-BF4B-00C04F79EFBC}") = "Bike", "Bike\Bike.csproj", "{EE3F4CE5-9F16-46A9-803D-C42840917D40}"
EndProject
Project("{FAE04EC0-301F-11D3-BF4B-00C04F79EFBC}") = "Repeat", "Repeat\Repeat.csproj", "{C36DC6B6-E695-4C95-8FA1-4ECA7734BB16}"
EndProject
Global
	GlobalSection(SolutionConfigurationPlatforms) = preSolution
		Debug|Any CPU = Debug|Any CPU
		Release|Any CPU = Release|Any CPU
	EndGlobalSection
	GlobalSection(ProjectConfigurationPlatforms) = postSolution
		{27BD52EF-A067-460B-80D5-952F73250366}.Debug|Any CPU.ActiveCfg = Debug|Any CPU
		{27BD52EF-A067-460B-80D5-952F73250366}.Debug|Any CPU.Build.0 = Debug|Any CPU
		{27BD52EF-A067-460B-80D5-952F73250366}.Release|Any CPU.ActiveCfg = Release|Any CPU
		{27BD52EF-A067-460B-80D5-952F73250366}.Release|Any CPU.Build.0 = Release|Any CPU
		{E6A8ED55-3F04-4131-A174-B35FA2A13A98}.Debug|Any CPU.ActiveCfg = Debug|Any CPU
		{E6A8ED55-3F04-4131-A174-B35FA2A13A98}.Debug|Any CPU.Build.0 = Debug|Any CPU
		{E6A8ED55-3F04-4131-A174-B35FA2A13A98}.Release|Any CPU.ActiveCfg = Release|Any CPU
		{E6A8ED55-3F04-4131-A174-B35FA2A13A98}.Release|Any CPU.Build.0 = Release|Any CPU
		{AF4BF875-D277-484F-883B-D3D074459056}.Debug|Any CPU.ActiveCfg = Debug|Any CPU
		{AF4BF875-D277-484F-883B-D3D074459056}.Debug|Any CPU.Build.0 = Debug|Any CPU
		{AF4BF875-D277-484F-883B-D3D074459056}.Release|Any CPU.ActiveCfg = Release|Any CPU
		{AF4BF875-D277-484F-883B-D3D074459056}.Release|Any CPU.Build.0 = Release|Any CPU
		{FF13CA32-B384-4EEA-9D35-B584DCDD9CF3}.Debug|Any CPU.ActiveCfg = Debug|Any CPU
		{FF13CA32-B384-4EEA-9D35-B584DCDD9CF3}.Debug|Any CPU.Build.0 = Debug|Any CPU
		{FF13CA32-B384-4EEA-9D35-B584DCDD9CF3}.Release|Any CPU.ActiveCfg = Release|Any CPU
		{FF13CA32-B384-4EEA-9D35-B584DCDD9CF3}.Release|Any CPU.Build.0 = Release|Any CPU
		{2C5DC65B-32AF-4668-B631-D8280266C0B3}.Debug|Any CPU.ActiveCfg = Debug|Any CPU
		{2C5DC65B-32AF-4668-B631-D8280266C0B3}.Debug|Any CPU.Build.0 = Debug|Any CPU
		{2C5DC65B-32AF-4668-B631-D8280266C0B3}.Release|Any CPU.ActiveCfg = Release|Any CPU
		{2C5DC65B-32AF-4668-B631-D8280266C0B3}.Release|Any CPU.Build.0 = Release|Any CPU
		{EE3F4CE5-9F16-46A9-803D-C42840917D40}.Debug|Any CPU.ActiveCfg = Debug|Any CPU
		{EE3F4CE5-9F16-46A9-803D-C42840917D40}.Debug|Any CPU.Build.0 = Debug|Any CPU
		{EE3F4CE5-9F16-46A9-803D-C42840917D40}.Release|Any CPU.ActiveCfg = Release|Any CPU
		{EE3F4CE5-9F16-46A9-803D-C42840917D40}.Release|Any CPU.Build.0 = Release|Any CPU
		{C36DC6B6-E695-4C95-8FA1-4ECA7734BB16}.Debug|Any CPU.ActiveCfg = Debug|Any CPU
		{C36DC6B6-E695-4C95-8FA1-4ECA7734BB16}.Debug|Any CPU.Build.0 = Debug|Any CPU
		{C36DC6B6-E695-4C95-8FA1-4ECA7734BB16}.Release|Any CPU.ActiveCfg = Release|Any CPU
		{C36DC6B6-E695-4C95-8FA1-4ECA7734BB16}.Release|Any CPU.Build.0 = Release|Any CPU
	EndGlobalSection
	GlobalSection(SolutionProperties) = preSolution
		HideSolutionNode = FALSE
	EndGlobalSection
EndGlobal
