
Microsoft Visual Studio Solution File, Format Version 12.00
# Visual Studio 14
VisualStudioVersion = 14.0.25420.1
MinimumVisualStudioVersion = 10.0.40219.1
Project("{FAE04EC0-301F-11D3-BF4B-00C04F79EFBC}") = "Numeral-Systems", "Numeral-Systems\Numeral-Systems.csproj", "{BC7DECC1-BC56-4A35-A564-D5EDCE3AB140}"
EndProject
Project("{FAE04EC0-301F-11D3-BF4B-00C04F79EFBC}") = "BinaryShort", "BinaryShort\BinaryShort.csproj", "{A439DFA5-0EDB-4990-B9D6-65D5F04ECE53}"
EndProject
Project("{FAE04EC0-301F-11D3-BF4B-00C04F79EFBC}") = "BinaryFloating-Point", "BinaryFloating-Point\BinaryFloating-Point.csproj", "{FAFA1029-F423-4C46-82D1-FFE4B51368EF}"
EndProject
Global
	GlobalSection(SolutionConfigurationPlatforms) = preSolution
		Debug|Any CPU = Debug|Any CPU
		Release|Any CPU = Release|Any CPU
	EndGlobalSection
	GlobalSection(ProjectConfigurationPlatforms) = postSolution
		{BC7DECC1-BC56-4A35-A564-D5EDCE3AB140}.Debug|Any CPU.ActiveCfg = Debug|Any CPU
		{BC7DECC1-BC56-4A35-A564-D5EDCE3AB140}.Debug|Any CPU.Build.0 = Debug|Any CPU
		{BC7DECC1-BC56-4A35-A564-D5EDCE3AB140}.Release|Any CPU.ActiveCfg = Release|Any CPU
		{BC7DECC1-BC56-4A35-A564-D5EDCE3AB140}.Release|Any CPU.Build.0 = Release|Any CPU
		{A439DFA5-0EDB-4990-B9D6-65D5F04ECE53}.Debug|Any CPU.ActiveCfg = Debug|Any CPU
		{A439DFA5-0EDB-4990-B9D6-65D5F04ECE53}.Debug|Any CPU.Build.0 = Debug|Any CPU
		{A439DFA5-0EDB-4990-B9D6-65D5F04ECE53}.Release|Any CPU.ActiveCfg = Release|Any CPU
		{A439DFA5-0EDB-4990-B9D6-65D5F04ECE53}.Release|Any CPU.Build.0 = Release|Any CPU
		{FAFA1029-F423-4C46-82D1-FFE4B51368EF}.Debug|Any CPU.ActiveCfg = Debug|Any CPU
		{FAFA1029-F423-4C46-82D1-FFE4B51368EF}.Debug|Any CPU.Build.0 = Debug|Any CPU
		{FAFA1029-F423-4C46-82D1-FFE4B51368EF}.Release|Any CPU.ActiveCfg = Release|Any CPU
		{FAFA1029-F423-4C46-82D1-FFE4B51368EF}.Release|Any CPU.Build.0 = Release|Any CPU
	EndGlobalSection
	GlobalSection(SolutionProperties) = preSolution
		HideSolutionNode = FALSE
	EndGlobalSection
EndGlobal
