
Microsoft Visual Studio Solution File, Format Version 12.00
# Visual Studio 14
VisualStudioVersion = 14.0.25420.1
MinimumVisualStudioVersion = 10.0.40219.1
Project("{FAE04EC0-301F-11D3-BF4B-00C04F79EFBC}") = "HighQualityCode", "HighQualityCode\HighQualityCode.csproj", "{DAFFC973-1670-4C34-AB9F-1DC2A52D7476}"
EndProject
Project("{FAE04EC0-301F-11D3-BF4B-00C04F79EFBC}") = "Events", "Events\Events.csproj", "{6081DF8E-C0E2-4618-922F-4548E4C3DA3B}"
EndProject
Global
	GlobalSection(SolutionConfigurationPlatforms) = preSolution
		Debug|Any CPU = Debug|Any CPU
		Release|Any CPU = Release|Any CPU
	EndGlobalSection
	GlobalSection(ProjectConfigurationPlatforms) = postSolution
		{DAFFC973-1670-4C34-AB9F-1DC2A52D7476}.Debug|Any CPU.ActiveCfg = Debug|Any CPU
		{DAFFC973-1670-4C34-AB9F-1DC2A52D7476}.Debug|Any CPU.Build.0 = Debug|Any CPU
		{DAFFC973-1670-4C34-AB9F-1DC2A52D7476}.Release|Any CPU.ActiveCfg = Release|Any CPU
		{DAFFC973-1670-4C34-AB9F-1DC2A52D7476}.Release|Any CPU.Build.0 = Release|Any CPU
		{6081DF8E-C0E2-4618-922F-4548E4C3DA3B}.Debug|Any CPU.ActiveCfg = Debug|Any CPU
		{6081DF8E-C0E2-4618-922F-4548E4C3DA3B}.Debug|Any CPU.Build.0 = Debug|Any CPU
		{6081DF8E-C0E2-4618-922F-4548E4C3DA3B}.Release|Any CPU.ActiveCfg = Release|Any CPU
		{6081DF8E-C0E2-4618-922F-4548E4C3DA3B}.Release|Any CPU.Build.0 = Release|Any CPU
	EndGlobalSection
	GlobalSection(SolutionProperties) = preSolution
		HideSolutionNode = FALSE
	EndGlobalSection
EndGlobal
