
Microsoft Visual Studio Solution File, Format Version 12.00
# Visual Studio 14
VisualStudioVersion = 14.0.25420.1
MinimumVisualStudioVersion = 10.0.40219.1
Project("{FAE04EC0-301F-11D3-BF4B-00C04F79EFBC}") = "1", "1\1.csproj", "{9C3DBC8E-96E1-47D2-A520-B3F15DD6ED9E}"
EndProject
Project("{FAE04EC0-301F-11D3-BF4B-00C04F79EFBC}") = "2", "2\2.csproj", "{5B77BEDB-4C09-42EE-B619-53DC5FBA0A65}"
EndProject
Project("{FAE04EC0-301F-11D3-BF4B-00C04F79EFBC}") = "3", "3\3.csproj", "{E30383FF-8DBA-46E1-9B5E-87F8AC463CDE}"
EndProject
Global
	GlobalSection(SolutionConfigurationPlatforms) = preSolution
		Debug|Any CPU = Debug|Any CPU
		Release|Any CPU = Release|Any CPU
	EndGlobalSection
	GlobalSection(ProjectConfigurationPlatforms) = postSolution
		{9C3DBC8E-96E1-47D2-A520-B3F15DD6ED9E}.Debug|Any CPU.ActiveCfg = Debug|Any CPU
		{9C3DBC8E-96E1-47D2-A520-B3F15DD6ED9E}.Debug|Any CPU.Build.0 = Debug|Any CPU
		{9C3DBC8E-96E1-47D2-A520-B3F15DD6ED9E}.Release|Any CPU.ActiveCfg = Release|Any CPU
		{9C3DBC8E-96E1-47D2-A520-B3F15DD6ED9E}.Release|Any CPU.Build.0 = Release|Any CPU
		{5B77BEDB-4C09-42EE-B619-53DC5FBA0A65}.Debug|Any CPU.ActiveCfg = Debug|Any CPU
		{5B77BEDB-4C09-42EE-B619-53DC5FBA0A65}.Debug|Any CPU.Build.0 = Debug|Any CPU
		{5B77BEDB-4C09-42EE-B619-53DC5FBA0A65}.Release|Any CPU.ActiveCfg = Release|Any CPU
		{5B77BEDB-4C09-42EE-B619-53DC5FBA0A65}.Release|Any CPU.Build.0 = Release|Any CPU
		{E30383FF-8DBA-46E1-9B5E-87F8AC463CDE}.Debug|Any CPU.ActiveCfg = Debug|Any CPU
		{E30383FF-8DBA-46E1-9B5E-87F8AC463CDE}.Debug|Any CPU.Build.0 = Debug|Any CPU
		{E30383FF-8DBA-46E1-9B5E-87F8AC463CDE}.Release|Any CPU.ActiveCfg = Release|Any CPU
		{E30383FF-8DBA-46E1-9B5E-87F8AC463CDE}.Release|Any CPU.Build.0 = Release|Any CPU
	EndGlobalSection
	GlobalSection(SolutionProperties) = preSolution
		HideSolutionNode = FALSE
	EndGlobalSection
EndGlobal
