
Microsoft Visual Studio Solution File, Format Version 12.00
# Visual Studio 14
VisualStudioVersion = 14.0.25420.1
MinimumVisualStudioVersion = 10.0.40219.1
Project("{FAE04EC0-301F-11D3-BF4B-00C04F79EFBC}") = "Garden", "Garden\Garden.csproj", "{CC1E66E1-C2E8-4C03-91CF-92CEF7C0E5CD}"
EndProject
Project("{FAE04EC0-301F-11D3-BF4B-00C04F79EFBC}") = "Secrets Of Numbers", "Secrets Of Numbers\Secrets Of Numbers.csproj", "{B80E3AC8-398F-4CD3-BF84-D7190FF1429F}"
EndProject
Project("{FAE04EC0-301F-11D3-BF4B-00C04F79EFBC}") = "Card Wars", "Card Wars\Card Wars.csproj", "{61905A41-DFA6-4497-A532-B01B97889272}"
EndProject
Global
	GlobalSection(SolutionConfigurationPlatforms) = preSolution
		Debug|Any CPU = Debug|Any CPU
		Release|Any CPU = Release|Any CPU
	EndGlobalSection
	GlobalSection(ProjectConfigurationPlatforms) = postSolution
		{CC1E66E1-C2E8-4C03-91CF-92CEF7C0E5CD}.Debug|Any CPU.ActiveCfg = Debug|Any CPU
		{CC1E66E1-C2E8-4C03-91CF-92CEF7C0E5CD}.Debug|Any CPU.Build.0 = Debug|Any CPU
		{CC1E66E1-C2E8-4C03-91CF-92CEF7C0E5CD}.Release|Any CPU.ActiveCfg = Release|Any CPU
		{CC1E66E1-C2E8-4C03-91CF-92CEF7C0E5CD}.Release|Any CPU.Build.0 = Release|Any CPU
		{B80E3AC8-398F-4CD3-BF84-D7190FF1429F}.Debug|Any CPU.ActiveCfg = Debug|Any CPU
		{B80E3AC8-398F-4CD3-BF84-D7190FF1429F}.Debug|Any CPU.Build.0 = Debug|Any CPU
		{B80E3AC8-398F-4CD3-BF84-D7190FF1429F}.Release|Any CPU.ActiveCfg = Release|Any CPU
		{B80E3AC8-398F-4CD3-BF84-D7190FF1429F}.Release|Any CPU.Build.0 = Release|Any CPU
		{61905A41-DFA6-4497-A532-B01B97889272}.Debug|Any CPU.ActiveCfg = Debug|Any CPU
		{61905A41-DFA6-4497-A532-B01B97889272}.Debug|Any CPU.Build.0 = Debug|Any CPU
		{61905A41-DFA6-4497-A532-B01B97889272}.Release|Any CPU.ActiveCfg = Release|Any CPU
		{61905A41-DFA6-4497-A532-B01B97889272}.Release|Any CPU.Build.0 = Release|Any CPU
	EndGlobalSection
	GlobalSection(SolutionProperties) = preSolution
		HideSolutionNode = FALSE
	EndGlobalSection
EndGlobal
