
Microsoft Visual Studio Solution File, Format Version 12.00
# Visual Studio 15
VisualStudioVersion = 15.0.26403.3
MinimumVisualStudioVersion = 10.0.40219.1
Project("{FAE04EC0-301F-11D3-BF4B-00C04F79EFBC}") = "ProjectManager", "ProjectManager\ProjectManager.csproj", "{6D548169-75E7-495F-BC01-0C8CF6F6BE04}"
EndProject
Project("{FAE04EC0-301F-11D3-BF4B-00C04F79EFBC}") = "ProjectManager.Framework", "ProjectManager.Framework\ProjectManager.Framework.csproj", "{20F1EE2F-C6B3-4E97-A74B-9615543AB0F5}"
EndProject
Project("{FAE04EC0-301F-11D3-BF4B-00C04F79EFBC}") = "ProjectManager.Data", "ProjectManager.Data\ProjectManager.Data.csproj", "{C7A7A4E6-D2F5-4E2C-AA6A-A04330B0FBFE}"
EndProject
Global
	GlobalSection(SolutionConfigurationPlatforms) = preSolution
		Debug|Any CPU = Debug|Any CPU
		Release|Any CPU = Release|Any CPU
	EndGlobalSection
	GlobalSection(ProjectConfigurationPlatforms) = postSolution
		{6D548169-75E7-495F-BC01-0C8CF6F6BE04}.Debug|Any CPU.ActiveCfg = Debug|Any CPU
		{6D548169-75E7-495F-BC01-0C8CF6F6BE04}.Debug|Any CPU.Build.0 = Debug|Any CPU
		{6D548169-75E7-495F-BC01-0C8CF6F6BE04}.Release|Any CPU.ActiveCfg = Release|Any CPU
		{6D548169-75E7-495F-BC01-0C8CF6F6BE04}.Release|Any CPU.Build.0 = Release|Any CPU
		{20F1EE2F-C6B3-4E97-A74B-9615543AB0F5}.Debug|Any CPU.ActiveCfg = Debug|Any CPU
		{20F1EE2F-C6B3-4E97-A74B-9615543AB0F5}.Debug|Any CPU.Build.0 = Debug|Any CPU
		{20F1EE2F-C6B3-4E97-A74B-9615543AB0F5}.Release|Any CPU.ActiveCfg = Release|Any CPU
		{20F1EE2F-C6B3-4E97-A74B-9615543AB0F5}.Release|Any CPU.Build.0 = Release|Any CPU
		{C7A7A4E6-D2F5-4E2C-AA6A-A04330B0FBFE}.Debug|Any CPU.ActiveCfg = Debug|Any CPU
		{C7A7A4E6-D2F5-4E2C-AA6A-A04330B0FBFE}.Debug|Any CPU.Build.0 = Debug|Any CPU
		{C7A7A4E6-D2F5-4E2C-AA6A-A04330B0FBFE}.Release|Any CPU.ActiveCfg = Release|Any CPU
		{C7A7A4E6-D2F5-4E2C-AA6A-A04330B0FBFE}.Release|Any CPU.Build.0 = Release|Any CPU
	EndGlobalSection
	GlobalSection(SolutionProperties) = preSolution
		HideSolutionNode = FALSE
	EndGlobalSection
EndGlobal
