
Microsoft Visual Studio Solution File, Format Version 12.00
# Visual Studio 15
VisualStudioVersion = 15.0.26430.13
MinimumVisualStudioVersion = 10.0.40219.1
Project("{FAE04EC0-301F-11D3-BF4B-00C04F79EFBC}") = "GraphsOverview", "GraphsTraversal\GraphsOverview.csproj", "{57B983DB-6250-406A-A335-38FD160DFE3F}"
EndProject
Project("{FAE04EC0-301F-11D3-BF4B-00C04F79EFBC}") = "Dijkstra", "Dijkstra\Dijkstra.csproj", "{D5104776-2374-4139-96D2-E85F19016498}"
EndProject
Project("{FAE04EC0-301F-11D3-BF4B-00C04F79EFBC}") = "TopologicalSorting", "TopologicalSorting\TopologicalSorting.csproj", "{22F4E082-BD51-48F2-A02C-1DACD5A1CB82}"
EndProject
Project("{FAE04EC0-301F-11D3-BF4B-00C04F79EFBC}") = "Prim", "Prim\Prim.csproj", "{D4F17FA7-F710-4E11-95FC-91CD00F4C734}"
EndProject
Project("{FAE04EC0-301F-11D3-BF4B-00C04F79EFBC}") = "Kruskal", "Kruskal\Kruskal.csproj", "{CD995490-1044-474B-8EB9-59CC34BE1672}"
EndProject
Global
	GlobalSection(SolutionConfigurationPlatforms) = preSolution
		Debug|Any CPU = Debug|Any CPU
		Release|Any CPU = Release|Any CPU
	EndGlobalSection
	GlobalSection(ProjectConfigurationPlatforms) = postSolution
		{57B983DB-6250-406A-A335-38FD160DFE3F}.Debug|Any CPU.ActiveCfg = Debug|Any CPU
		{57B983DB-6250-406A-A335-38FD160DFE3F}.Debug|Any CPU.Build.0 = Debug|Any CPU
		{57B983DB-6250-406A-A335-38FD160DFE3F}.Release|Any CPU.ActiveCfg = Release|Any CPU
		{57B983DB-6250-406A-A335-38FD160DFE3F}.Release|Any CPU.Build.0 = Release|Any CPU
		{D5104776-2374-4139-96D2-E85F19016498}.Debug|Any CPU.ActiveCfg = Debug|Any CPU
		{D5104776-2374-4139-96D2-E85F19016498}.Debug|Any CPU.Build.0 = Debug|Any CPU
		{D5104776-2374-4139-96D2-E85F19016498}.Release|Any CPU.ActiveCfg = Release|Any CPU
		{D5104776-2374-4139-96D2-E85F19016498}.Release|Any CPU.Build.0 = Release|Any CPU
		{22F4E082-BD51-48F2-A02C-1DACD5A1CB82}.Debug|Any CPU.ActiveCfg = Debug|Any CPU
		{22F4E082-BD51-48F2-A02C-1DACD5A1CB82}.Debug|Any CPU.Build.0 = Debug|Any CPU
		{22F4E082-BD51-48F2-A02C-1DACD5A1CB82}.Release|Any CPU.ActiveCfg = Release|Any CPU
		{22F4E082-BD51-48F2-A02C-1DACD5A1CB82}.Release|Any CPU.Build.0 = Release|Any CPU
		{D4F17FA7-F710-4E11-95FC-91CD00F4C734}.Debug|Any CPU.ActiveCfg = Debug|Any CPU
		{D4F17FA7-F710-4E11-95FC-91CD00F4C734}.Debug|Any CPU.Build.0 = Debug|Any CPU
		{D4F17FA7-F710-4E11-95FC-91CD00F4C734}.Release|Any CPU.ActiveCfg = Release|Any CPU
		{D4F17FA7-F710-4E11-95FC-91CD00F4C734}.Release|Any CPU.Build.0 = Release|Any CPU
		{CD995490-1044-474B-8EB9-59CC34BE1672}.Debug|Any CPU.ActiveCfg = Debug|Any CPU
		{CD995490-1044-474B-8EB9-59CC34BE1672}.Debug|Any CPU.Build.0 = Debug|Any CPU
		{CD995490-1044-474B-8EB9-59CC34BE1672}.Release|Any CPU.ActiveCfg = Release|Any CPU
		{CD995490-1044-474B-8EB9-59CC34BE1672}.Release|Any CPU.Build.0 = Release|Any CPU
	EndGlobalSection
	GlobalSection(SolutionProperties) = preSolution
		HideSolutionNode = FALSE
	EndGlobalSection
EndGlobal
