
Microsoft Visual Studio Solution File, Format Version 12.00
# Visual Studio 15
VisualStudioVersion = 15.0.26430.13
MinimumVisualStudioVersion = 10.0.40219.1
Project("{FAE04EC0-301F-11D3-BF4B-00C04F79EFBC}") = "SampleApp", "SampleApp\SampleApp.csproj", "{2708A0AD-9E3E-4C2F-8A99-9FAAD99DCC14}"
EndProject
Project("{FAE04EC0-301F-11D3-BF4B-00C04F79EFBC}") = "SampleApp.Data", "SampleApp.Data\SampleApp.Data.csproj", "{9B4C3CAC-35C8-480F-82B8-B17C0F716E40}"
EndProject
Global
	GlobalSection(SolutionConfigurationPlatforms) = preSolution
		Debug|Any CPU = Debug|Any CPU
		Release|Any CPU = Release|Any CPU
	EndGlobalSection
	GlobalSection(ProjectConfigurationPlatforms) = postSolution
		{2708A0AD-9E3E-4C2F-8A99-9FAAD99DCC14}.Debug|Any CPU.ActiveCfg = Debug|Any CPU
		{2708A0AD-9E3E-4C2F-8A99-9FAAD99DCC14}.Debug|Any CPU.Build.0 = Debug|Any CPU
		{2708A0AD-9E3E-4C2F-8A99-9FAAD99DCC14}.Release|Any CPU.ActiveCfg = Release|Any CPU
		{2708A0AD-9E3E-4C2F-8A99-9FAAD99DCC14}.Release|Any CPU.Build.0 = Release|Any CPU
		{9B4C3CAC-35C8-480F-82B8-B17C0F716E40}.Debug|Any CPU.ActiveCfg = Debug|Any CPU
		{9B4C3CAC-35C8-480F-82B8-B17C0F716E40}.Debug|Any CPU.Build.0 = Debug|Any CPU
		{9B4C3CAC-35C8-480F-82B8-B17C0F716E40}.Release|Any CPU.ActiveCfg = Release|Any CPU
		{9B4C3CAC-35C8-480F-82B8-B17C0F716E40}.Release|Any CPU.Build.0 = Release|Any CPU
	EndGlobalSection
	GlobalSection(SolutionProperties) = preSolution
		HideSolutionNode = FALSE
	EndGlobalSection
EndGlobal
